// !$*UTF8*$!
{
	archiveVersion = 1;
	classes = {
	};
	objectVersion = 46;
	objects = {

/* Begin PBXBuildFile section */
		5013EB5F1AE27CF1005F6514 /* ProducerConsumerProblem.cpp in Sources */ = {isa = PBXBuildFile; fileRef = 5013EB5D1AE27CF1005F6514 /* ProducerConsumerProblem.cpp */; };
		5013EB621AE2B81B005F6514 /* ThreadArgs.cpp in Sources */ = {isa = PBXBuildFile; fileRef = 5013EB601AE2B81B005F6514 /* ThreadArgs.cpp */; };
		5013EB651AE2BA97005F6514 /* ThreadPC.cpp in Sources */ = {isa = PBXBuildFile; fileRef = 5013EB631AE2BA97005F6514 /* ThreadPC.cpp */; };
		5052A64F1AE3CE53003D9AE8 /* README.md in Sources */ = {isa = PBXBuildFile; fileRef = 5052A64E1AE3CE53003D9AE8 /* README.md */; };
		5052A6511AE3D117003D9AE8 /* README.md in Sources */ = {isa = PBXBuildFile; fileRef = 5052A6501AE3D117003D9AE8 /* README.md */; };
		505C17A61AE21EE700288239 /* goodPool.cpp in Sources */ = {isa = PBXBuildFile; fileRef = 505C17A41AE21EE700288239 /* goodPool.cpp */; };
		50BBAF351AE1FB9400FD489E /* main.cpp in Sources */ = {isa = PBXBuildFile; fileRef = 50BBAF341AE1FB9400FD489E /* main.cpp */; };
		50BBAF3E1AE1FDD600FD489E /* good.cpp in Sources */ = {isa = PBXBuildFile; fileRef = 50BBAF3D1AE1FDD600FD489E /* good.cpp */; };
/* End PBXBuildFile section */

/* Begin PBXCopyFilesBuildPhase section */
		50BBAF2F1AE1FB9400FD489E /* CopyFiles */ = {
			isa = PBXCopyFilesBuildPhase;
			buildActionMask = 2147483647;
			dstPath = /usr/share/man/man1/;
			dstSubfolderSpec = 0;
			files = (
			);
			runOnlyForDeploymentPostprocessing = 1;
		};
/* End PBXCopyFilesBuildPhase section */

/* Begin PBXFileReference section */
		5013EB5C1AE27AAC005F6514 /* comm.h */ = {isa = PBXFileReference; lastKnownFileType = sourcecode.c.h; path = comm.h; sourceTree = "<group>"; };
		5013EB5D1AE27CF1005F6514 /* ProducerConsumerProblem.cpp */ = {isa = PBXFileReference; fileEncoding = 4; lastKnownFileType = sourcecode.cpp.cpp; path = ProducerConsumerProblem.cpp; sourceTree = "<group>"; };
		5013EB5E1AE27CF1005F6514 /* ProducerConsumerProblem.h */ = {isa = PBXFileReference; fileEncoding = 4; lastKnownFileType = sourcecode.c.h; path = ProducerConsumerProblem.h; sourceTree = "<group>"; };
		5013EB601AE2B81B005F6514 /* ThreadArgs.cpp */ = {isa = PBXFileReference; fileEncoding = 4; lastKnownFileType = sourcecode.cpp.cpp; path = ThreadArgs.cpp; sourceTree = "<group>"; };
		5013EB611AE2B81B005F6514 /* ThreadArgs.h */ = {isa = PBXFileReference; fileEncoding = 4; lastKnownFileType = sourcecode.c.h; path = ThreadArgs.h; sourceTree = "<group>"; };
		5013EB631AE2BA97005F6514 /* ThreadPC.cpp */ = {isa = PBXFileReference; fileEncoding = 4; lastKnownFileType = sourcecode.cpp.cpp; path = ThreadPC.cpp; sourceTree = "<group>"; };
		5013EB641AE2BA97005F6514 /* ThreadPC.h */ = {isa = PBXFileReference; fileEncoding = 4; lastKnownFileType = sourcecode.c.h; path = ThreadPC.h; sourceTree = "<group>"; };
		5052A64E1AE3CE53003D9AE8 /* README.md */ = {isa = PBXFileReference; fileEncoding = 4; lastKnownFileType = net.daringfireball.markdown; path = README.md; sourceTree = "<group>"; };
		5052A6501AE3D117003D9AE8 /* README.md */ = {isa = PBXFileReference; fileEncoding = 4; lastKnownFileType = net.daringfireball.markdown; path = README.md; sourceTree = "<group>"; };
		505C17A41AE21EE700288239 /* goodPool.cpp */ = {isa = PBXFileReference; fileEncoding = 4; lastKnownFileType = sourcecode.cpp.cpp; path = goodPool.cpp; sourceTree = "<group>"; };
		505C17A51AE21EE700288239 /* goodPool.h */ = {isa = PBXFileReference; fileEncoding = 4; lastKnownFileType = sourcecode.c.h; path = goodPool.h; sourceTree = "<group>"; };
		50BBAF311AE1FB9400FD489E /* ipc_pcp_cplus */ = {isa = PBXFileReference; explicitFileType = "compiled.mach-o.executable"; includeInIndex = 0; path = ipc_pcp_cplus; sourceTree = BUILT_PRODUCTS_DIR; };
		50BBAF341AE1FB9400FD489E /* main.cpp */ = {isa = PBXFileReference; lastKnownFileType = sourcecode.cpp.cpp; path = main.cpp; sourceTree = "<group>"; };
		50BBAF3C1AE1FCDA00FD489E /* good.h */ = {isa = PBXFileReference; lastKnownFileType = sourcecode.c.h; path = good.h; sourceTree = "<group>"; };
		50BBAF3D1AE1FDD600FD489E /* good.cpp */ = {isa = PBXFileReference; fileEncoding = 4; lastKnownFileType = sourcecode.cpp.cpp; path = good.cpp; sourceTree = "<group>"; };
/* End PBXFileReference section */

/* Begin PBXFrameworksBuildPhase section */
		50BBAF2E1AE1FB9400FD489E /* Frameworks */ = {
			isa = PBXFrameworksBuildPhase;
			buildActionMask = 2147483647;
			files = (
			);
			runOnlyForDeploymentPostprocessing = 0;
		};
/* End PBXFrameworksBuildPhase section */

/* Begin PBXGroup section */
		50BBAF281AE1FB9400FD489E = {
			isa = PBXGroup;
			children = (
				5052A6501AE3D117003D9AE8 /* README.md */,
				50BBAF331AE1FB9400FD489E /* ipc_pcp_cplus */,
				50BBAF321AE1FB9400FD489E /* Products */,
			);
			sourceTree = "<group>";
		};
		50BBAF321AE1FB9400FD489E /* Products */ = {
			isa = PBXGroup;
			children = (
				50BBAF311AE1FB9400FD489E /* ipc_pcp_cplus */,
			);
			name = Products;
			sourceTree = "<group>";
		};
		50BBAF331AE1FB9400FD489E /* ipc_pcp_cplus */ = {
			isa = PBXGroup;
			children = (
				5052A64E1AE3CE53003D9AE8 /* README.md */,
				50BBAF341AE1FB9400FD489E /* main.cpp */,
				50BBAF3C1AE1FCDA00FD489E /* good.h */,
				50BBAF3D1AE1FDD600FD489E /* good.cpp */,
				505C17A41AE21EE700288239 /* goodPool.cpp */,
				505C17A51AE21EE700288239 /* goodPool.h */,
				5013EB5C1AE27AAC005F6514 /* comm.h */,
				5013EB5D1AE27CF1005F6514 /* ProducerConsumerProblem.cpp */,
				5013EB5E1AE27CF1005F6514 /* ProducerConsumerProblem.h */,
				5013EB601AE2B81B005F6514 /* ThreadArgs.cpp */,
				5013EB611AE2B81B005F6514 /* ThreadArgs.h */,
				5013EB631AE2BA97005F6514 /* ThreadPC.cpp */,
				5013EB641AE2BA97005F6514 /* ThreadPC.h */,
			);
			path = ipc_pcp_cplus;
			sourceTree = "<group>";
		};
/* End PBXGroup section */

/* Begin PBXNativeTarget section */
		50BBAF301AE1FB9400FD489E /* ipc_pcp_cplus */ = {
			isa = PBXNativeTarget;
			buildConfigurationList = 50BBAF381AE1FB9400FD489E /* Build configuration list for PBXNativeTarget "ipc_pcp_cplus" */;
			buildPhases = (
				50BBAF2D1AE1FB9400FD489E /* Sources */,
				50BBAF2E1AE1FB9400FD489E /* Frameworks */,
				50BBAF2F1AE1FB9400FD489E /* CopyFiles */,
			);
			buildRules = (
			);
			dependencies = (
			);
			name = ipc_pcp_cplus;
			productName = ipc_pcp_cplus;
			productReference = 50BBAF311AE1FB9400FD489E /* ipc_pcp_cplus */;
			productType = "com.apple.product-type.tool";
		};
/* End PBXNativeTarget section */

/* Begin PBXProject section */
		50BBAF291AE1FB9400FD489E /* Project object */ = {
			isa = PBXProject;
			attributes = {
				LastUpgradeCheck = 0630;
				ORGANIZATIONNAME = albert;
				TargetAttributes = {
					50BBAF301AE1FB9400FD489E = {
						CreatedOnToolsVersion = 6.3;
					};
				};
			};
			buildConfigurationList = 50BBAF2C1AE1FB9400FD489E /* Build configuration list for PBXProject "ipc_pcp_cplus" */;
			compatibilityVersion = "Xcode 3.2";
			developmentRegion = English;
			hasScannedForEncodings = 0;
			knownRegions = (
				en,
			);
			mainGroup = 50BBAF281AE1FB9400FD489E;
			productRefGroup = 50BBAF321AE1FB9400FD489E /* Products */;
			projectDirPath = "";
			projectRoot = "";
			targets = (
				50BBAF301AE1FB9400FD489E /* ipc_pcp_cplus */,
			);
		};
/* End PBXProject section */

/* Begin PBXSourcesBuildPhase section */
		50BBAF2D1AE1FB9400FD489E /* Sources */ = {
			isa = PBXSourcesBuildPhase;
			buildActionMask = 2147483647;
			files = (
				5052A64F1AE3CE53003D9AE8 /* README.md in Sources */,
				50BBAF3E1AE1FDD600FD489E /* good.cpp in Sources */,
				5013EB5F1AE27CF1005F6514 /* ProducerConsumerProblem.cpp in Sources */,
				5013EB651AE2BA97005F6514 /* ThreadPC.cpp in Sources */,
				505C17A61AE21EE700288239 /* goodPool.cpp in Sources */,
				50BBAF351AE1FB9400FD489E /* main.cpp in Sources */,
				5052A6511AE3D117003D9AE8 /* README.md in Sources */,
				5013EB621AE2B81B005F6514 /* ThreadArgs.cpp in Sources */,
			);
			runOnlyForDeploymentPostprocessing = 0;
		};
/* End PBXSourcesBuildPhase section */

/* Begin XCBuildConfiguration section */
		50BBAF361AE1FB9400FD489E /* Debug */ = {
			isa = XCBuildConfiguration;
			buildSettings = {
				ALWAYS_SEARCH_USER_PATHS = NO;
				CLANG_CXX_LANGUAGE_STANDARD = "gnu++0x";
				CLANG_CXX_LIBRARY = "libc++";
				CLANG_ENABLE_MODULES = YES;
				CLANG_ENABLE_OBJC_ARC = YES;
				CLANG_WARN_BOOL_CONVERSION = YES;
				CLANG_WARN_CONSTANT_CONVERSION = YES;
				CLANG_WARN_DIRECT_OBJC_ISA_USAGE = YES_ERROR;
				CLANG_WARN_EMPTY_BODY = YES;
				CLANG_WARN_ENUM_CONVERSION = YES;
				CLANG_WARN_INT_CONVERSION = YES;
				CLANG_WARN_OBJC_ROOT_CLASS = YES_ERROR;
				CLANG_WARN_UNREACHABLE_CODE = YES;
				CLANG_WARN__DUPLICATE_METHOD_MATCH = YES;
				COPY_PHASE_STRIP = NO;
				DEBUG_INFORMATION_FORMAT = dwarf;
				ENABLE_STRICT_OBJC_MSGSEND = YES;
				GCC_C_LANGUAGE_STANDARD = gnu99;
				GCC_DYNAMIC_NO_PIC = NO;
				GCC_NO_COMMON_BLOCKS = YES;
				GCC_OPTIMIZATION_LEVEL = 0;
				GCC_PREPROCESSOR_DEFINITIONS = (
					"DEBUG=1",
					"$(inherited)",
				);
				GCC_SYMBOLS_PRIVATE_EXTERN = NO;
				GCC_WARN_64_TO_32_BIT_CONVERSION = YES;
				GCC_WARN_ABOUT_RETURN_TYPE = YES_ERROR;
				GCC_WARN_UNDECLARED_SELECTOR = YES;
				GCC_WARN_UNINITIALIZED_AUTOS = YES_AGGRESSIVE;
				GCC_WARN_UNUSED_FUNCTION = YES;
				GCC_WARN_UNUSED_VARIABLE = YES;
				MACOSX_DEPLOYMENT_TARGET = 10.10;
				MTL_ENABLE_DEBUG_INFO = YES;
				ONLY_ACTIVE_ARCH = YES;
				SDKROOT = macosx;
			};
			name = Debug;
		};
		50BBAF371AE1FB9400FD489E /* Release */ = {
			isa = XCBuildConfiguration;
			buildSettings = {
				ALWAYS_SEARCH_USER_PATHS = NO;
				CLANG_CXX_LANGUAGE_STANDARD = "gnu++0x";
				CLANG_CXX_LIBRARY = "libc++";
				CLANG_ENABLE_MODULES = YES;
				CLANG_ENABLE_OBJC_ARC = YES;
				CLANG_WARN_BOOL_CONVERSION = YES;
				CLANG_WARN_CONSTANT_CONVERSION = YES;
				CLANG_WARN_DIRECT_OBJC_ISA_USAGE = YES_ERROR;
				CLANG_WARN_EMPTY_BODY = YES;
				CLANG_WARN_ENUM_CONVERSION = YES;
				CLANG_WARN_INT_CONVERSION = YES;
				CLANG_WARN_OBJC_ROOT_CLASS = YES_ERROR;
				CLANG_WARN_UNREACHABLE_CODE = YES;
				CLANG_WARN__DUPLICATE_METHOD_MATCH = YES;
				COPY_PHASE_STRIP = NO;
				DEBUG_INFORMATION_FORMAT = "dwarf-with-dsym";
				ENABLE_NS_ASSERTIONS = NO;
				ENABLE_STRICT_OBJC_MSGSEND = YES;
				GCC_C_LANGUAGE_STANDARD = gnu99;
				GCC_NO_COMMON_BLOCKS = YES;
				GCC_WARN_64_TO_32_BIT_CONVERSION = YES;
				GCC_WARN_ABOUT_RETURN_TYPE = YES_ERROR;
				GCC_WARN_UNDECLARED_SELECTOR = YES;
				GCC_WARN_UNINITIALIZED_AUTOS = YES_AGGRESSIVE;
				GCC_WARN_UNUSED_FUNCTION = YES;
				GCC_WARN_UNUSED_VARIABLE = YES;
				MACOSX_DEPLOYMENT_TARGET = 10.10;
				MTL_ENABLE_DEBUG_INFO = NO;
				SDKROOT = macosx;
			};
			name = Release;
		};
		50BBAF391AE1FB9400FD489E /* Debug */ = {
			isa = XCBuildConfiguration;
			buildSettings = {
				PRODUCT_NAME = "$(TARGET_NAME)";
			};
			name = Debug;
		};
		50BBAF3A1AE1FB9400FD489E /* Release */ = {
			isa = XCBuildConfiguration;
			buildSettings = {
				PRODUCT_NAME = "$(TARGET_NAME)";
			};
			name = Release;
		};
/* End XCBuildConfiguration section */

/* Begin XCConfigurationList section */
		50BBAF2C1AE1FB9400FD489E /* Build configuration list for PBXProject "ipc_pcp_cplus" */ = {
			isa = XCConfigurationList;
			buildConfigurations = (
				50BBAF361AE1FB9400FD489E /* Debug */,
				50BBAF371AE1FB9400FD489E /* Release */,
			);
			defaultConfigurationIsVisible = 0;
			defaultConfigurationName = Release;
		};
		50BBAF381AE1FB9400FD489E /* Build configuration list for PBXNativeTarget "ipc_pcp_cplus" */ = {
			isa = XCConfigurationList;
			buildConfigurations = (
				50BBAF391AE1FB9400FD489E /* Debug */,
				50BBAF3A1AE1FB9400FD489E /* Release */,
			);
			defaultConfigurationIsVisible = 0;
			defaultConfigurationName = Release;
		};
/* End XCConfigurationList section */
	};
	rootObject = 50BBAF291AE1FB9400FD489E /* Project object */;
}
